// !$*UTF8*$!
{
	archiveVersion = 1;
	classes = {
	};
	objectVersion = 50;
	objects = {

/* Begin PBXBuildFile section */
		85A2287D24AC32FF00C8D0A6 /* MapViewController.swift in Sources */ = {isa = PBXBuildFile; fileRef = 85A2287C24AC32FF00C8D0A6 /* MapViewController.swift */; };
		85CCEA6324AADF7E003F00D6 /* AppDelegate.swift in Sources */ = {isa = PBXBuildFile; fileRef = 85CCEA6224AADF7E003F00D6 /* AppDelegate.swift */; };
		85CCEA6524AADF7E003F00D6 /* SceneDelegate.swift in Sources */ = {isa = PBXBuildFile; fileRef = 85CCEA6424AADF7E003F00D6 /* SceneDelegate.swift */; };
		85CCEA6724AADF7E003F00D6 /* ConversionViewController.swift in Sources */ = {isa = PBXBuildFile; fileRef = 85CCEA6624AADF7E003F00D6 /* ConversionViewController.swift */; };
		85CCEA6A24AADF7E003F00D6 /* Main.storyboard in Resources */ = {isa = PBXBuildFile; fileRef = 85CCEA6824AADF7E003F00D6 /* Main.storyboard */; };
		85CCEA6C24AADF7F003F00D6 /* Assets.xcassets in Resources */ = {isa = PBXBuildFile; fileRef = 85CCEA6B24AADF7F003F00D6 /* Assets.xcassets */; };
		85CCEA6F24AADF7F003F00D6 /* LaunchScreen.storyboard in Resources */ = {isa = PBXBuildFile; fileRef = 85CCEA6D24AADF7F003F00D6 /* LaunchScreen.storyboard */; };
		85CCEA7A24AADF7F003F00D6 /* WorldTrotterTests.swift in Sources */ = {isa = PBXBuildFile; fileRef = 85CCEA7924AADF7F003F00D6 /* WorldTrotterTests.swift */; };
		85CCEA8524AADF80003F00D6 /* WorldTrotterUITests.swift in Sources */ = {isa = PBXBuildFile; fileRef = 85CCEA8424AADF80003F00D6 /* WorldTrotterUITests.swift */; };
/* End PBXBuildFile section */

/* Begin PBXContainerItemProxy section */
		85CCEA7624AADF7F003F00D6 /* PBXContainerItemProxy */ = {
			isa = PBXContainerItemProxy;
			containerPortal = 85CCEA5724AADF7E003F00D6 /* Project object */;
			proxyType = 1;
			remoteGlobalIDString = 85CCEA5E24AADF7E003F00D6;
			remoteInfo = WorldTrotter;
		};
		85CCEA8124AADF80003F00D6 /* PBXContainerItemProxy */ = {
			isa = PBXContainerItemProxy;
			containerPortal = 85CCEA5724AADF7E003F00D6 /* Project object */;
			proxyType = 1;
			remoteGlobalIDString = 85CCEA5E24AADF7E003F00D6;
			remoteInfo = WorldTrotter;
		};
/* End PBXContainerItemProxy section */

/* Begin PBXFileReference section */
		85A2287C24AC32FF00C8D0A6 /* MapViewController.swift */ = {isa = PBXFileReference; lastKnownFileType = sourcecode.swift; path = MapViewController.swift; sourceTree = SOURCE_ROOT; };
		85CCEA5F24AADF7E003F00D6 /* WorldTrotter.app */ = {isa = PBXFileReference; explicitFileType = wrapper.application; includeInIndex = 0; path = WorldTrotter.app; sourceTree = BUILT_PRODUCTS_DIR; };
		85CCEA6224AADF7E003F00D6 /* AppDelegate.swift */ = {isa = PBXFileReference; lastKnownFileType = sourcecode.swift; path = AppDelegate.swift; sourceTree = "<group>"; };
		85CCEA6424AADF7E003F00D6 /* SceneDelegate.swift */ = {isa = PBXFileReference; lastKnownFileType = sourcecode.swift; path = SceneDelegate.swift; sourceTree = "<group>"; };
		85CCEA6624AADF7E003F00D6 /* ConversionViewController.swift */ = {isa = PBXFileReference; lastKnownFileType = sourcecode.swift; path = ConversionViewController.swift; sourceTree = "<group>"; };
		85CCEA6924AADF7E003F00D6 /* Base */ = {isa = PBXFileReference; lastKnownFileType = file.storyboard; name = Base; path = Base.lproj/Main.storyboard; sourceTree = "<group>"; };
		85CCEA6B24AADF7F003F00D6 /* Assets.xcassets */ = {isa = PBXFileReference; lastKnownFileType = folder.assetcatalog; path = Assets.xcassets; sourceTree = "<group>"; };
		85CCEA6E24AADF7F003F00D6 /* Base */ = {isa = PBXFileReference; lastKnownFileType = file.storyboard; name = Base; path = Base.lproj/LaunchScreen.storyboard; sourceTree = "<group>"; };
		85CCEA7024AADF7F003F00D6 /* Info.plist */ = {isa = PBXFileReference; lastKnownFileType = text.plist.xml; path = Info.plist; sourceTree = "<group>"; };
		85CCEA7524AADF7F003F00D6 /* WorldTrotterTests.xctest */ = {isa = PBXFileReference; explicitFileType = wrapper.cfbundle; includeInIndex = 0; path = WorldTrotterTests.xctest; sourceTree = BUILT_PRODUCTS_DIR; };
		85CCEA7924AADF7F003F00D6 /* WorldTrotterTests.swift */ = {isa = PBXFileReference; lastKnownFileType = sourcecode.swift; path = WorldTrotterTests.swift; sourceTree = "<group>"; };
		85CCEA7B24AADF7F003F00D6 /* Info.plist */ = {isa = PBXFileReference; lastKnownFileType = text.plist.xml; path = Info.plist; sourceTree = "<group>"; };
		85CCEA8024AADF80003F00D6 /* WorldTrotterUITests.xctest */ = {isa = PBXFileReference; explicitFileType = wrapper.cfbundle; includeInIndex = 0; path = WorldTrotterUITests.xctest; sourceTree = BUILT_PRODUCTS_DIR; };
		85CCEA8424AADF80003F00D6 /* WorldTrotterUITests.swift */ = {isa = PBXFileReference; lastKnownFileType = sourcecode.swift; path = WorldTrotterUITests.swift; sourceTree = "<group>"; };
		85CCEA8624AADF80003F00D6 /* Info.plist */ = {isa = PBXFileReference; lastKnownFileType = text.plist.xml; path = Info.plist; sourceTree = "<group>"; };
/* End PBXFileReference section */

/* Begin PBXFrameworksBuildPhase section */
		85CCEA5C24AADF7E003F00D6 /* Frameworks */ = {
			isa = PBXFrameworksBuildPhase;
			buildActionMask = 2147483647;
			files = (
			);
			runOnlyForDeploymentPostprocessing = 0;
		};
		85CCEA7224AADF7F003F00D6 /* Frameworks */ = {
			isa = PBXFrameworksBuildPhase;
			buildActionMask = 2147483647;
			files = (
			);
			runOnlyForDeploymentPostprocessing = 0;
		};
		85CCEA7D24AADF80003F00D6 /* Frameworks */ = {
			isa = PBXFrameworksBuildPhase;
			buildActionMask = 2147483647;
			files = (
			);
			runOnlyForDeploymentPostprocessing = 0;
		};
/* End PBXFrameworksBuildPhase section */

/* Begin PBXGroup section */
		85CCEA5624AADF7E003F00D6 = {
			isa = PBXGroup;
			children = (
				85CCEA6124AADF7E003F00D6 /* WorldTrotter */,
				85CCEA7824AADF7F003F00D6 /* WorldTrotterTests */,
				85CCEA8324AADF80003F00D6 /* WorldTrotterUITests */,
				85CCEA6024AADF7E003F00D6 /* Products */,
			);
			sourceTree = "<group>";
		};
		85CCEA6024AADF7E003F00D6 /* Products */ = {
			isa = PBXGroup;
			children = (
				85CCEA5F24AADF7E003F00D6 /* WorldTrotter.app */,
				85CCEA7524AADF7F003F00D6 /* WorldTrotterTests.xctest */,
				85CCEA8024AADF80003F00D6 /* WorldTrotterUITests.xctest */,
			);
			name = Products;
			sourceTree = "<group>";
		};
		85CCEA6124AADF7E003F00D6 /* WorldTrotter */ = {
			isa = PBXGroup;
			children = (
				85A2287C24AC32FF00C8D0A6 /* MapViewController.swift */,
				85CCEA6224AADF7E003F00D6 /* AppDelegate.swift */,
				85CCEA6424AADF7E003F00D6 /* SceneDelegate.swift */,
				85CCEA6624AADF7E003F00D6 /* ConversionViewController.swift */,
				85CCEA6824AADF7E003F00D6 /* Main.storyboard */,
				85CCEA6B24AADF7F003F00D6 /* Assets.xcassets */,
				85CCEA6D24AADF7F003F00D6 /* LaunchScreen.storyboard */,
				85CCEA7024AADF7F003F00D6 /* Info.plist */,
			);
			path = WorldTrotter;
			sourceTree = "<group>";
		};
		85CCEA7824AADF7F003F00D6 /* WorldTrotterTests */ = {
			isa = PBXGroup;
			children = (
				85CCEA7924AADF7F003F00D6 /* WorldTrotterTests.swift */,
				85CCEA7B24AADF7F003F00D6 /* Info.plist */,
			);
			path = WorldTrotterTests;
			sourceTree = "<group>";
		};
		85CCEA8324AADF80003F00D6 /* WorldTrotterUITests */ = {
			isa = PBXGroup;
			children = (
				85CCEA8424AADF80003F00D6 /* WorldTrotterUITests.swift */,
				85CCEA8624AADF80003F00D6 /* Info.plist */,
			);
			path = WorldTrotterUITests;
			sourceTree = "<group>";
		};
/* End PBXGroup section */

/* Begin PBXNativeTarget section */
		85CCEA5E24AADF7E003F00D6 /* WorldTrotter */ = {
			isa = PBXNativeTarget;
			buildConfigurationList = 85CCEA8924AADF80003F00D6 /* Build configuration list for PBXNativeTarget "WorldTrotter" */;
			buildPhases = (
				85CCEA5B24AADF7E003F00D6 /* Sources */,
				85CCEA5C24AADF7E003F00D6 /* Frameworks */,
				85CCEA5D24AADF7E003F00D6 /* Resources */,
			);
			buildRules = (
			);
			dependencies = (
			);
			name = WorldTrotter;
			productName = WorldTrotter;
			productReference = 85CCEA5F24AADF7E003F00D6 /* WorldTrotter.app */;
			productType = "com.apple.product-type.application";
		};
		85CCEA7424AADF7F003F00D6 /* WorldTrotterTests */ = {
			isa = PBXNativeTarget;
			buildConfigurationList = 85CCEA8C24AADF80003F00D6 /* Build configuration list for PBXNativeTarget "WorldTrotterTests" */;
			buildPhases = (
				85CCEA7124AADF7F003F00D6 /* Sources */,
				85CCEA7224AADF7F003F00D6 /* Frameworks */,
				85CCEA7324AADF7F003F00D6 /* Resources */,
			);
			buildRules = (
			);
			dependencies = (
				85CCEA7724AADF7F003F00D6 /* PBXTargetDependency */,
			);
			name = WorldTrotterTests;
			productName = WorldTrotterTests;
			productReference = 85CCEA7524AADF7F003F00D6 /* WorldTrotterTests.xctest */;
			productType = "com.apple.product-type.bundle.unit-test";
		};
		85CCEA7F24AADF80003F00D6 /* WorldTrotterUITests */ = {
			isa = PBXNativeTarget;
			buildConfigurationList = 85CCEA8F24AADF80003F00D6 /* Build configuration list for PBXNativeTarget "WorldTrotterUITests" */;
			buildPhases = (
				85CCEA7C24AADF80003F00D6 /* Sources */,
				85CCEA7D24AADF80003F00D6 /* Frameworks */,
				85CCEA7E24AADF80003F00D6 /* Resources */,
			);
			buildRules = (
			);
			dependencies = (
				85CCEA8224AADF80003F00D6 /* PBXTargetDependency */,
			);
			name = WorldTrotterUITests;
			productName = WorldTrotterUITests;
			productReference = 85CCEA8024AADF80003F00D6 /* WorldTrotterUITests.xctest */;
			productType = "com.apple.product-type.bundle.ui-testing";
		};
/* End PBXNativeTarget section */

/* Begin PBXProject section */
		85CCEA5724AADF7E003F00D6 /* Project object */ = {
			isa = PBXProject;
			attributes = {
				LastSwiftUpdateCheck = 1150;
				LastUpgradeCheck = 1150;
				ORGANIZATIONNAME = "Luis Cortes";
				TargetAttributes = {
					85CCEA5E24AADF7E003F00D6 = {
						CreatedOnToolsVersion = 11.5;
					};
					85CCEA7424AADF7F003F00D6 = {
						CreatedOnToolsVersion = 11.5;
						TestTargetID = 85CCEA5E24AADF7E003F00D6;
					};
					85CCEA7F24AADF80003F00D6 = {
						CreatedOnToolsVersion = 11.5;
						TestTargetID = 85CCEA5E24AADF7E003F00D6;
					};
				};
			};
			buildConfigurationList = 85CCEA5A24AADF7E003F00D6 /* Build configuration list for PBXProject "WorldTrotter" */;
			compatibilityVersion = "Xcode 9.3";
			developmentRegion = en;
			hasScannedForEncodings = 0;
			knownRegions = (
				en,
				Base,
			);
			mainGroup = 85CCEA5624AADF7E003F00D6;
			productRefGroup = 85CCEA6024AADF7E003F00D6 /* Products */;
			projectDirPath = "";
			projectRoot = "";
			targets = (
				85CCEA5E24AADF7E003F00D6 /* WorldTrotter */,
				85CCEA7424AADF7F003F00D6 /* WorldTrotterTests */,
				85CCEA7F24AADF80003F00D6 /* WorldTrotterUITests */,
			);
		};
/* End PBXProject section */

/* Begin PBXResourcesBuildPhase section */
		85CCEA5D24AADF7E003F00D6 /* Resources */ = {
			isa = PBXResourcesBuildPhase;
			buildActionMask = 2147483647;
			files = (
				85CCEA6F24AADF7F003F00D6 /* LaunchScreen.storyboard in Resources */,
				85CCEA6C24AADF7F003F00D6 /* Assets.xcassets in Resources */,
				85CCEA6A24AADF7E003F00D6 /* Main.storyboard in Resources */,
			);
			runOnlyForDeploymentPostprocessing = 0;
		};
		85CCEA7324AADF7F003F00D6 /* Resources */ = {
			isa = PBXResourcesBuildPhase;
			buildActionMask = 2147483647;
			files = (
			);
			runOnlyForDeploymentPostprocessing = 0;
		};
		85CCEA7E24AADF80003F00D6 /* Resources */ = {
			isa = PBXResourcesBuildPhase;
			buildActionMask = 2147483647;
			files = (
			);
			runOnlyForDeploymentPostprocessing = 0;
		};
/* End PBXResourcesBuildPhase section */

/* Begin PBXSourcesBuildPhase section */
		85CCEA5B24AADF7E003F00D6 /* Sources */ = {
			isa = PBXSourcesBuildPhase;
			buildActionMask = 2147483647;
			files = (
				85CCEA6724AADF7E003F00D6 /* ConversionViewController.swift in Sources */,
				85CCEA6324AADF7E003F00D6 /* AppDelegate.swift in Sources */,
				85CCEA6524AADF7E003F00D6 /* SceneDelegate.swift in Sources */,
				85A2287D24AC32FF00C8D0A6 /* MapViewController.swift in Sources */,
			);
			runOnlyForDeploymentPostprocessing = 0;
		};
		85CCEA7124AADF7F003F00D6 /* Sources */ = {
			isa = PBXSourcesBuildPhase;
			buildActionMask = 2147483647;
			files = (
				85CCEA7A24AADF7F003F00D6 /* WorldTrotterTests.swift in Sources */,
			);
			runOnlyForDeploymentPostprocessing = 0;
		};
		85CCEA7C24AADF80003F00D6 /* Sources */ = {
			isa = PBXSourcesBuildPhase;
			buildActionMask = 2147483647;
			files = (
				85CCEA8524AADF80003F00D6 /* WorldTrotterUITests.swift in Sources */,
			);
			runOnlyForDeploymentPostprocessing = 0;
		};
/* End PBXSourcesBuildPhase section */

/* Begin PBXTargetDependency section */
		85CCEA7724AADF7F003F00D6 /* PBXTargetDependency */ = {
			isa = PBXTargetDependency;
			target = 85CCEA5E24AADF7E003F00D6 /* WorldTrotter */;
			targetProxy = 85CCEA7624AADF7F003F00D6 /* PBXContainerItemProxy */;
		};
		85CCEA8224AADF80003F00D6 /* PBXTargetDependency */ = {
			isa = PBXTargetDependency;
			target = 85CCEA5E24AADF7E003F00D6 /* WorldTrotter */;
			targetProxy = 85CCEA8124AADF80003F00D6 /* PBXContainerItemProxy */;
		};
/* End PBXTargetDependency section */

/* Begin PBXVariantGroup section */
		85CCEA6824AADF7E003F00D6 /* Main.storyboard */ = {
			isa = PBXVariantGroup;
			children = (
				85CCEA6924AADF7E003F00D6 /* Base */,
			);
			name = Main.storyboard;
			sourceTree = "<group>";
		};
		85CCEA6D24AADF7F003F00D6 /* LaunchScreen.storyboard */ = {
			isa = PBXVariantGroup;
			children = (
				85CCEA6E24AADF7F003F00D6 /* Base */,
			);
			name = LaunchScreen.storyboard;
			sourceTree = "<group>";
		};
/* End PBXVariantGroup section */

/* Begin XCBuildConfiguration section */
		85CCEA8724AADF80003F00D6 /* Debug */ = {
			isa = XCBuildConfiguration;
			buildSettings = {
				ALWAYS_SEARCH_USER_PATHS = NO;
				CLANG_ANALYZER_NONNULL = YES;
				CLANG_ANALYZER_NUMBER_OBJECT_CONVERSION = YES_AGGRESSIVE;
				CLANG_CXX_LANGUAGE_STANDARD = "gnu++14";
				CLANG_CXX_LIBRARY = "libc++";
				CLANG_ENABLE_MODULES = YES;
				CLANG_ENABLE_OBJC_ARC = YES;
				CLANG_ENABLE_OBJC_WEAK = YES;
				CLANG_WARN_BLOCK_CAPTURE_AUTORELEASING = YES;
				CLANG_WARN_BOOL_CONVERSION = YES;
				CLANG_WARN_COMMA = YES;
				CLANG_WARN_CONSTANT_CONVERSION = YES;
				CLANG_WARN_DEPRECATED_OBJC_IMPLEMENTATIONS = YES;
				CLANG_WARN_DIRECT_OBJC_ISA_USAGE = YES_ERROR;
				CLANG_WARN_DOCUMENTATION_COMMENTS = YES;
				CLANG_WARN_EMPTY_BODY = YES;
				CLANG_WARN_ENUM_CONVERSION = YES;
				CLANG_WARN_INFINITE_RECURSION = YES;
				CLANG_WARN_INT_CONVERSION = YES;
				CLANG_WARN_NON_LITERAL_NULL_CONVERSION = YES;
				CLANG_WARN_OBJC_IMPLICIT_RETAIN_SELF = YES;
				CLANG_WARN_OBJC_LITERAL_CONVERSION = YES;
				CLANG_WARN_OBJC_ROOT_CLASS = YES_ERROR;
				CLANG_WARN_RANGE_LOOP_ANALYSIS = YES;
				CLANG_WARN_STRICT_PROTOTYPES = YES;
				CLANG_WARN_SUSPICIOUS_MOVE = YES;
				CLANG_WARN_UNGUARDED_AVAILABILITY = YES_AGGRESSIVE;
				CLANG_WARN_UNREACHABLE_CODE = YES;
				CLANG_WARN__DUPLICATE_METHOD_MATCH = YES;
				COPY_PHASE_STRIP = NO;
				DEBUG_INFORMATION_FORMAT = dwarf;
				ENABLE_STRICT_OBJC_MSGSEND = YES;
				ENABLE_TESTABILITY = YES;
				GCC_C_LANGUAGE_STANDARD = gnu11;
				GCC_DYNAMIC_NO_PIC = NO;
				GCC_NO_COMMON_BLOCKS = YES;
				GCC_OPTIMIZATION_LEVEL = 0;
				GCC_PREPROCESSOR_DEFINITIONS = (
					"DEBUG=1",
					"$(inherited)",
				);
				GCC_WARN_64_TO_32_BIT_CONVERSION = YES;
				GCC_WARN_ABOUT_RETURN_TYPE = YES_ERROR;
				GCC_WARN_UNDECLARED_SELECTOR = YES;
				GCC_WARN_UNINITIALIZED_AUTOS = YES_AGGRESSIVE;
				GCC_WARN_UNUSED_FUNCTION = YES;
				GCC_WARN_UNUSED_VARIABLE = YES;
				IPHONEOS_DEPLOYMENT_TARGET = 13.5;
				MTL_ENABLE_DEBUG_INFO = INCLUDE_SOURCE;
				MTL_FAST_MATH = YES;
				ONLY_ACTIVE_ARCH = YES;
				SDKROOT = iphoneos;
				SWIFT_ACTIVE_COMPILATION_CONDITIONS = DEBUG;
				SWIFT_OPTIMIZATION_LEVEL = "-Onone";
			};
			name = Debug;
		};
		85CCEA8824AADF80003F00D6 /* Release */ = {
			isa = XCBuildConfiguration;
			buildSettings = {
				ALWAYS_SEARCH_USER_PATHS = NO;
				CLANG_ANALYZER_NONNULL = YES;
				CLANG_ANALYZER_NUMBER_OBJECT_CONVERSION = YES_AGGRESSIVE;
				CLANG_CXX_LANGUAGE_STANDARD = "gnu++14";
				CLANG_CXX_LIBRARY = "libc++";
				CLANG_ENABLE_MODULES = YES;
				CLANG_ENABLE_OBJC_ARC = YES;
				CLANG_ENABLE_OBJC_WEAK = YES;
				CLANG_WARN_BLOCK_CAPTURE_AUTORELEASING = YES;
				CLANG_WARN_BOOL_CONVERSION = YES;
				CLANG_WARN_COMMA = YES;
				CLANG_WARN_CONSTANT_CONVERSION = YES;
				CLANG_WARN_DEPRECATED_OBJC_IMPLEMENTATIONS = YES;
				CLANG_WARN_DIRECT_OBJC_ISA_USAGE = YES_ERROR;
				CLANG_WARN_DOCUMENTATION_COMMENTS = YES;
				CLANG_WARN_EMPTY_BODY = YES;
				CLANG_WARN_ENUM_CONVERSION = YES;
				CLANG_WARN_INFINITE_RECURSION = YES;
				CLANG_WARN_INT_CONVERSION = YES;
				CLANG_WARN_NON_LITERAL_NULL_CONVERSION = YES;
				CLANG_WARN_OBJC_IMPLICIT_RETAIN_SELF = YES;
				CLANG_WARN_OBJC_LITERAL_CONVERSION = YES;
				CLANG_WARN_OBJC_ROOT_CLASS = YES_ERROR;
				CLANG_WARN_RANGE_LOOP_ANALYSIS = YES;
				CLANG_WARN_STRICT_PROTOTYPES = YES;
				CLANG_WARN_SUSPICIOUS_MOVE = YES;
				CLANG_WARN_UNGUARDED_AVAILABILITY = YES_AGGRESSIVE;
				CLANG_WARN_UNREACHABLE_CODE = YES;
				CLANG_WARN__DUPLICATE_METHOD_MATCH = YES;
				COPY_PHASE_STRIP = NO;
				DEBUG_INFORMATION_FORMAT = "dwarf-with-dsym";
				ENABLE_NS_ASSERTIONS = NO;
				ENABLE_STRICT_OBJC_MSGSEND = YES;
				GCC_C_LANGUAGE_STANDARD = gnu11;
				GCC_NO_COMMON_BLOCKS = YES;
				GCC_WARN_64_TO_32_BIT_CONVERSION = YES;
				GCC_WARN_ABOUT_RETURN_TYPE = YES_ERROR;
				GCC_WARN_UNDECLARED_SELECTOR = YES;
				GCC_WARN_UNINITIALIZED_AUTOS = YES_AGGRESSIVE;
				GCC_WARN_UNUSED_FUNCTION = YES;
				GCC_WARN_UNUSED_VARIABLE = YES;
				IPHONEOS_DEPLOYMENT_TARGET = 13.5;
				MTL_ENABLE_DEBUG_INFO = NO;
				MTL_FAST_MATH = YES;
				SDKROOT = iphoneos;
				SWIFT_COMPILATION_MODE = wholemodule;
				SWIFT_OPTIMIZATION_LEVEL = "-O";
				VALIDATE_PRODUCT = YES;
			};
			name = Release;
		};
		85CCEA8A24AADF80003F00D6 /* Debug */ = {
			isa = XCBuildConfiguration;
			buildSettings = {
				ASSETCATALOG_COMPILER_APPICON_NAME = AppIcon;
				CODE_SIGN_STYLE = Automatic;
				DEVELOPMENT_TEAM = FQ4XUEPQ9C;
				INFOPLIST_FILE = WorldTrotter/Info.plist;
				LD_RUNPATH_SEARCH_PATHS = (
					"$(inherited)",
					"@executable_path/Frameworks",
				);
				PRODUCT_BUNDLE_IDENTIFIER = com.cortes.luis.WorldTrotter;
				PRODUCT_NAME = "$(TARGET_NAME)";
				SWIFT_VERSION = 5.0;
				TARGETED_DEVICE_FAMILY = "1,2";
			};
			name = Debug;
		};
		85CCEA8B24AADF80003F00D6 /* Release */ = {
			isa = XCBuildConfiguration;
			buildSettings = {
				ASSETCATALOG_COMPILER_APPICON_NAME = AppIcon;
				CODE_SIGN_STYLE = Automatic;
				DEVELOPMENT_TEAM = FQ4XUEPQ9C;
				INFOPLIST_FILE = WorldTrotter/Info.plist;
				LD_RUNPATH_SEARCH_PATHS = (
					"$(inherited)",
					"@executable_path/Frameworks",
				);
				PRODUCT_BUNDLE_IDENTIFIER = com.cortes.luis.WorldTrotter;
				PRODUCT_NAME = "$(TARGET_NAME)";
				SWIFT_VERSION = 5.0;
				TARGETED_DEVICE_FAMILY = "1,2";
			};
			name = Release;
		};
		85CCEA8D24AADF80003F00D6 /* Debug */ = {
			isa = XCBuildConfiguration;
			buildSettings = {
				ALWAYS_EMBED_SWIFT_STANDARD_LIBRARIES = YES;
				BUNDLE_LOADER = "$(TEST_HOST)";
				CODE_SIGN_STYLE = Automatic;
				DEVELOPMENT_TEAM = FQ4XUEPQ9C;
				INFOPLIST_FILE = WorldTrotterTests/Info.plist;
				IPHONEOS_DEPLOYMENT_TARGET = 13.5;
				LD_RUNPATH_SEARCH_PATHS = (
					"$(inherited)",
					"@executable_path/Frameworks",
					"@loader_path/Frameworks",
				);
				PRODUCT_BUNDLE_IDENTIFIER = com.cortes.luis.WorldTrotterTests;
				PRODUCT_NAME = "$(TARGET_NAME)";
				SWIFT_VERSION = 5.0;
				TARGETED_DEVICE_FAMILY = "1,2";
				TEST_HOST = "$(BUILT_PRODUCTS_DIR)/WorldTrotter.app/WorldTrotter";
			};
			name = Debug;
		};
		85CCEA8E24AADF80003F00D6 /* Release */ = {
			isa = XCBuildConfiguration;
			buildSettings = {
				ALWAYS_EMBED_SWIFT_STANDARD_LIBRARIES = YES;
				BUNDLE_LOADER = "$(TEST_HOST)";
				CODE_SIGN_STYLE = Automatic;
				DEVELOPMENT_TEAM = FQ4XUEPQ9C;
				INFOPLIST_FILE = WorldTrotterTests/Info.plist;
				IPHONEOS_DEPLOYMENT_TARGET = 13.5;
				LD_RUNPATH_SEARCH_PATHS = (
					"$(inherited)",
					"@executable_path/Frameworks",
					"@loader_path/Frameworks",
				);
				PRODUCT_BUNDLE_IDENTIFIER = com.cortes.luis.WorldTrotterTests;
				PRODUCT_NAME = "$(TARGET_NAME)";
				SWIFT_VERSION = 5.0;
				TARGETED_DEVICE_FAMILY = "1,2";
				TEST_HOST = "$(BUILT_PRODUCTS_DIR)/WorldTrotter.app/WorldTrotter";
			};
			name = Release;
		};
		85CCEA9024AADF80003F00D6 /* Debug */ = {
			isa = XCBuildConfiguration;
			buildSettings = {
				ALWAYS_EMBED_SWIFT_STANDARD_LIBRARIES = YES;
				CODE_SIGN_STYLE = Automatic;
				DEVELOPMENT_TEAM = FQ4XUEPQ9C;
				INFOPLIST_FILE = WorldTrotterUITests/Info.plist;
				LD_RUNPATH_SEARCH_PATHS = (
					"$(inherited)",
					"@executable_path/Frameworks",
					"@loader_path/Frameworks",
				);
				PRODUCT_BUNDLE_IDENTIFIER = com.cortes.luis.WorldTrotterUITests;
				PRODUCT_NAME = "$(TARGET_NAME)";
				SWIFT_VERSION = 5.0;
				TARGETED_DEVICE_FAMILY = "1,2";
				TEST_TARGET_NAME = WorldTrotter;
			};
			name = Debug;
		};
		85CCEA9124AADF80003F00D6 /* Release */ = {
			isa = XCBuildConfiguration;
			buildSettings = {
				ALWAYS_EMBED_SWIFT_STANDARD_LIBRARIES = YES;
				CODE_SIGN_STYLE = Automatic;
				DEVELOPMENT_TEAM = FQ4XUEPQ9C;
				INFOPLIST_FILE = WorldTrotterUITests/Info.plist;
				LD_RUNPATH_SEARCH_PATHS = (
					"$(inherited)",
					"@executable_path/Frameworks",
					"@loader_path/Frameworks",
				);
				PRODUCT_BUNDLE_IDENTIFIER = com.cortes.luis.WorldTrotterUITests;
				PRODUCT_NAME = "$(TARGET_NAME)";
				SWIFT_VERSION = 5.0;
				TARGETED_DEVICE_FAMILY = "1,2";
				TEST_TARGET_NAME = WorldTrotter;
			};
			name = Release;
		};
/* End XCBuildConfiguration section */

/* Begin XCConfigurationList section */
		85CCEA5A24AADF7E003F00D6 /* Build configuration list for PBXProject "WorldTrotter" */ = {
			isa = XCConfigurationList;
			buildConfigurations = (
				85CCEA8724AADF80003F00D6 /* Debug */,
				85CCEA8824AADF80003F00D6 /* Release */,
			);
			defaultConfigurationIsVisible = 0;
			defaultConfigurationName = Release;
		};
		85CCEA8924AADF80003F00D6 /* Build configuration list for PBXNativeTarget "WorldTrotter" */ = {
			isa = XCConfigurationList;
			buildConfigurations = (
				85CCEA8A24AADF80003F00D6 /* Debug */,
				85CCEA8B24AADF80003F00D6 /* Release */,
			);
			defaultConfigurationIsVisible = 0;
			defaultConfigurationName = Release;
		};
		85CCEA8C24AADF80003F00D6 /* Build configuration list for PBXNativeTarget "WorldTrotterTests" */ = {
			isa = XCConfigurationList;
			buildConfigurations = (
				85CCEA8D24AADF80003F00D6 /* Debug */,
				85CCEA8E24AADF80003F00D6 /* Release */,
			);
			defaultConfigurationIsVisible = 0;
			defaultConfigurationName = Release;
		};
		85CCEA8F24AADF80003F00D6 /* Build configuration list for PBXNativeTarget "WorldTrotterUITests" */ = {
			isa = XCConfigurationList;
			buildConfigurations = (
				85CCEA9024AADF80003F00D6 /* Debug */,
				85CCEA9124AADF80003F00D6 /* Release */,
			);
			defaultConfigurationIsVisible = 0;
			defaultConfigurationName = Release;
		};
/* End XCConfigurationList section */
	};
	rootObject = 85CCEA5724AADF7E003F00D6 /* Project object */;
}
